<?xml version="1.0" encoding="utf-8"?>
<Project ToolsVersion="4.0" xmlns="http://schemas.microsoft.com/developer/msbuild/2003">
  <ItemGroup>
    <ClCompile Include="Cat.cpp">
      <Filter>Source Files</Filter>
    </ClCompile>
    <ClCompile Include="CatRegistry.cpp">
      <Filter>Source Files</Filter>
    </ClCompile>
    <ClCompile Include="Customer.cpp">
      <Filter>Source Files</Filter>
    </ClCompile>
    <ClCompile Include="DateDMY.cpp">
      <Filter>Source Files</Filter>
    </ClCompile>
    <ClCompile Include="Main.cpp">
      <Filter>Source Files</Filter>
    </ClCompile>
    <ClCompile Include="Menu.cpp">
      <Filter>Source Files</Filter>
    </ClCompile>
    <ClCompile Include="StringManip.cpp">
      <Filter>Source Files</Filter>
    </ClCompile>
    <ClCompile Include="TimeHM.cpp">
      <Filter>Source Files</Filter>
    </ClCompile>
    <ClCompile Include="VisitLog.cpp">
      <Filter>Source Files</Filter>
    </ClCompile>
  </ItemGroup>
  <ItemGroup>
    <ClInclude Include="Cat.h">
      <Filter>Header Files</Filter>
    </ClInclude>
    <ClInclude Include="CatRegistry.h">
      <Filter>Header Files</Filter>
    </ClInclude>
    <ClInclude Include="Customer.h">
      <Filter>Header Files</Filter>
    </ClInclude>
    <ClInclude Include="DateDMY.h">
      <Filter>Header Files</Filter>
    </ClInclude>
    <ClInclude Include="Menu.h">
      <Filter>Header Files</Filter>
    </ClInclude>
    <ClInclude Include="StringManip.h">
      <Filter>Header Files</Filter>
    </ClInclude>
    <ClInclude Include="TimeHM.h">
      <Filter>Header Files</Filter>
    </ClInclude>
    <ClInclude Include="VisitLog.h">
      <Filter>Header Files</Filter>
    </ClInclude>
  </ItemGroup>
  <ItemGroup>
    <Filter Include="Header Files">
      <UniqueIdentifier>{d14b26c3-dfe7-409d-b69c-2e2a0b6e5082}</UniqueIdentifier>
    </Filter>
    <Filter Include="Source Files">
      <UniqueIdentifier>{bfd5f3dd-4d9e-49ed-a5bf-9a9379eabea9}</UniqueIdentifier>
    </Filter>
    <Filter Include="Resource Files">
      <UniqueIdentifier>{c937dfcd-3123-47ec-9eec-b2813d843a9a}</UniqueIdentifier>
    </Filter>
  </ItemGroup>
</Project>